// !$*UTF8*$!
{
	archiveVersion = 1;
	classes = {
	};
	objectVersion = 50;
	objects = {

/* Begin PBXBuildFile section */
		5A39C746223AA2F300B7DE32 /* AppDelegate.swift in Sources */ = {isa = PBXBuildFile; fileRef = 5A39C745223AA2F300B7DE32 /* AppDelegate.swift */; };
		5A39C748223AA2F300B7DE32 /* ViewController.swift in Sources */ = {isa = PBXBuildFile; fileRef = 5A39C747223AA2F300B7DE32 /* ViewController.swift */; };
		5A39C74B223AA2F300B7DE32 /* Main.storyboard in Resources */ = {isa = PBXBuildFile; fileRef = 5A39C749223AA2F300B7DE32 /* Main.storyboard */; };
		5A39C74D223AA2F400B7DE32 /* Assets.xcassets in Resources */ = {isa = PBXBuildFile; fileRef = 5A39C74C223AA2F400B7DE32 /* Assets.xcassets */; };
		5A39C750223AA2F400B7DE32 /* LaunchScreen.storyboard in Resources */ = {isa = PBXBuildFile; fileRef = 5A39C74E223AA2F400B7DE32 /* LaunchScreen.storyboard */; };
		5A39C759223B102A00B7DE32 /* Output.swift in Sources */ = {isa = PBXBuildFile; fileRef = 5A39C758223B102A00B7DE32 /* Output.swift */; };
		5A48B54E223CABB900CEBAB9 /* Radomir Tinkov - Gilroy-Light.otf in Resources */ = {isa = PBXBuildFile; fileRef = 5A48B54D223CABA900CEBAB9 /* Radomir Tinkov - Gilroy-Light.otf */; };
		5A48B54F223CABBC00CEBAB9 /* Radomir Tinkov - Gilroy-ExtraBold.otf in Resources */ = {isa = PBXBuildFile; fileRef = 5A48B54C223CABA900CEBAB9 /* Radomir Tinkov - Gilroy-ExtraBold.otf */; };
		5AA2EF0D223D7D9200D3ADCC /* SecondOutput.swift in Sources */ = {isa = PBXBuildFile; fileRef = 5AA2EF0C223D7D9200D3ADCC /* SecondOutput.swift */; };
		5AC5E091223F020000EFB6F2 /* upload-dsym.sh in Resources */ = {isa = PBXBuildFile; fileRef = 5AC5E08C223F01F400EFB6F2 /* upload-dsym.sh */; };
		5AC5E092223F020000EFB6F2 /* libTestFairy.a in Frameworks */ = {isa = PBXBuildFile; fileRef = 5AC5E08D223F01FD00EFB6F2 /* libTestFairy.a */; };
		5AC5E093223F020000EFB6F2 /* NSLog.swift in Sources */ = {isa = PBXBuildFile; fileRef = 5AC5E08F223F01FE00EFB6F2 /* NSLog.swift */; };
		A42A3BF3223EBED7009821C2 /* APIRequest.swift in Sources */ = {isa = PBXBuildFile; fileRef = A42A3BF2223EBED7009821C2 /* APIRequest.swift */; };
		A42A3BF6223EC0B7009821C2 /* AlertHelper.swift in Sources */ = {isa = PBXBuildFile; fileRef = A42A3BF5223EC0B7009821C2 /* AlertHelper.swift */; };
		A42A3BF9223EC119009821C2 /* Strings.swift in Sources */ = {isa = PBXBuildFile; fileRef = A42A3BF8223EC119009821C2 /* Strings.swift */; };
		A42A3C01223ED403009821C2 /* MainProvider.swift in Sources */ = {isa = PBXBuildFile; fileRef = A42A3C00223ED403009821C2 /* MainProvider.swift */; };
		A4BB9505223EEE8000D5E6EE /* MockDataService.swift in Sources */ = {isa = PBXBuildFile; fileRef = A4BB9504223EEE8000D5E6EE /* MockDataService.swift */; };
		A4BB9506223EF92600D5E6EE /* Localizable.strings in Resources */ = {isa = PBXBuildFile; fileRef = A4BB9508223EF92600D5E6EE /* Localizable.strings */; };
/* End PBXBuildFile section */

/* Begin PBXFileReference section */
		5A39C742223AA2F300B7DE32 /* OneTwoThree.app */ = {isa = PBXFileReference; explicitFileType = wrapper.application; includeInIndex = 0; path = OneTwoThree.app; sourceTree = BUILT_PRODUCTS_DIR; };
		5A39C745223AA2F300B7DE32 /* AppDelegate.swift */ = {isa = PBXFileReference; lastKnownFileType = sourcecode.swift; path = AppDelegate.swift; sourceTree = "<group>"; };
		5A39C747223AA2F300B7DE32 /* ViewController.swift */ = {isa = PBXFileReference; lastKnownFileType = sourcecode.swift; path = ViewController.swift; sourceTree = "<group>"; };
		5A39C74A223AA2F300B7DE32 /* Base */ = {isa = PBXFileReference; lastKnownFileType = file.storyboard; name = Base; path = Base.lproj/Main.storyboard; sourceTree = "<group>"; };
		5A39C74C223AA2F400B7DE32 /* Assets.xcassets */ = {isa = PBXFileReference; lastKnownFileType = folder.assetcatalog; path = Assets.xcassets; sourceTree = "<group>"; };
		5A39C74F223AA2F400B7DE32 /* Base */ = {isa = PBXFileReference; lastKnownFileType = file.storyboard; name = Base; path = Base.lproj/LaunchScreen.storyboard; sourceTree = "<group>"; };
		5A39C751223AA2F400B7DE32 /* Info.plist */ = {isa = PBXFileReference; lastKnownFileType = text.plist.xml; path = Info.plist; sourceTree = "<group>"; };
		5A39C758223B102A00B7DE32 /* Output.swift */ = {isa = PBXFileReference; lastKnownFileType = sourcecode.swift; path = Output.swift; sourceTree = "<group>"; };
		5A48B54C223CABA900CEBAB9 /* Radomir Tinkov - Gilroy-ExtraBold.otf */ = {isa = PBXFileReference; lastKnownFileType = file; path = "Radomir Tinkov - Gilroy-ExtraBold.otf"; sourceTree = "<group>"; };
		5A48B54D223CABA900CEBAB9 /* Radomir Tinkov - Gilroy-Light.otf */ = {isa = PBXFileReference; lastKnownFileType = file; path = "Radomir Tinkov - Gilroy-Light.otf"; sourceTree = "<group>"; };
		5AA2EF0C223D7D9200D3ADCC /* SecondOutput.swift */ = {isa = PBXFileReference; lastKnownFileType = sourcecode.swift; path = SecondOutput.swift; sourceTree = "<group>"; };
		5AC5E08C223F01F400EFB6F2 /* upload-dsym.sh */ = {isa = PBXFileReference; fileEncoding = 4; lastKnownFileType = text.script.sh; path = "upload-dsym.sh"; sourceTree = "<group>"; };
		5AC5E08D223F01FD00EFB6F2 /* libTestFairy.a */ = {isa = PBXFileReference; lastKnownFileType = archive.ar; path = libTestFairy.a; sourceTree = "<group>"; };
		5AC5E08E223F01FE00EFB6F2 /* Bridging.h */ = {isa = PBXFileReference; fileEncoding = 4; lastKnownFileType = sourcecode.c.h; path = Bridging.h; sourceTree = "<group>"; };
		5AC5E08F223F01FE00EFB6F2 /* NSLog.swift */ = {isa = PBXFileReference; fileEncoding = 4; lastKnownFileType = sourcecode.swift; path = NSLog.swift; sourceTree = "<group>"; };
		5AC5E090223F020000EFB6F2 /* TestFairy.h */ = {isa = PBXFileReference; fileEncoding = 4; lastKnownFileType = sourcecode.c.h; path = TestFairy.h; sourceTree = "<group>"; };
		A42A3BF2223EBED7009821C2 /* APIRequest.swift */ = {isa = PBXFileReference; fileEncoding = 4; lastKnownFileType = sourcecode.swift; path = APIRequest.swift; sourceTree = "<group>"; };
		A42A3BF5223EC0B7009821C2 /* AlertHelper.swift */ = {isa = PBXFileReference; fileEncoding = 4; lastKnownFileType = sourcecode.swift; path = AlertHelper.swift; sourceTree = "<group>"; };
		A42A3BF8223EC119009821C2 /* Strings.swift */ = {isa = PBXFileReference; fileEncoding = 4; lastKnownFileType = sourcecode.swift; path = Strings.swift; sourceTree = "<group>"; };
		A42A3C00223ED403009821C2 /* MainProvider.swift */ = {isa = PBXFileReference; lastKnownFileType = sourcecode.swift; path = MainProvider.swift; sourceTree = "<group>"; };
		A4968255223EFA1000883B2C /* ru */ = {isa = PBXFileReference; lastKnownFileType = text.plist.strings; name = ru; path = ru.lproj/LaunchScreen.strings; sourceTree = "<group>"; };
		A4BB9504223EEE8000D5E6EE /* MockDataService.swift */ = {isa = PBXFileReference; lastKnownFileType = sourcecode.swift; path = MockDataService.swift; sourceTree = "<group>"; };
		A4BB9507223EF92600D5E6EE /* en */ = {isa = PBXFileReference; lastKnownFileType = text.plist.strings; name = en; path = en.lproj/Localizable.strings; sourceTree = "<group>"; };
/* End PBXFileReference section */

/* Begin PBXFrameworksBuildPhase section */
		5A39C73F223AA2F300B7DE32 /* Frameworks */ = {
			isa = PBXFrameworksBuildPhase;
			buildActionMask = 2147483647;
			files = (
				5AC5E092223F020000EFB6F2 /* libTestFairy.a in Frameworks */,
			);
			runOnlyForDeploymentPostprocessing = 0;
		};
/* End PBXFrameworksBuildPhase section */

/* Begin PBXGroup section */
		5A39C739223AA2F300B7DE32 = {
			isa = PBXGroup;
			children = (
				5A39C744223AA2F300B7DE32 /* OneTwoThree */,
				5A39C743223AA2F300B7DE32 /* Products */,
			);
			sourceTree = "<group>";
		};
		5A39C743223AA2F300B7DE32 /* Products */ = {
			isa = PBXGroup;
			children = (
				5A39C742223AA2F300B7DE32 /* OneTwoThree.app */,
			);
			name = Products;
			sourceTree = "<group>";
		};
		5A39C744223AA2F300B7DE32 /* OneTwoThree */ = {
			isa = PBXGroup;
			children = (
				5AC5E08B223F017B00EFB6F2 /* Testing */,
				A42A3BEE223EBBF2009821C2 /* Common */,
				A42A3BEB223EBAA9009821C2 /* Modules */,
				A42A3BEA223EBA89009821C2 /* Resources */,
				A42A3BE9223EBA71009821C2 /* SupportingFiles */,
			);
			path = OneTwoThree;
			sourceTree = "<group>";
		};
		5AC5E08B223F017B00EFB6F2 /* Testing */ = {
			isa = PBXGroup;
			children = (
				5AC5E08E223F01FE00EFB6F2 /* Bridging.h */,
				5AC5E08D223F01FD00EFB6F2 /* libTestFairy.a */,
				5AC5E08F223F01FE00EFB6F2 /* NSLog.swift */,
				5AC5E090223F020000EFB6F2 /* TestFairy.h */,
				5AC5E08C223F01F400EFB6F2 /* upload-dsym.sh */,
			);
			name = Testing;
			sourceTree = "<group>";
		};
		A42A3BE9223EBA71009821C2 /* SupportingFiles */ = {
			isa = PBXGroup;
			children = (
				5A39C745223AA2F300B7DE32 /* AppDelegate.swift */,
				5A39C74E223AA2F400B7DE32 /* LaunchScreen.storyboard */,
				5A39C751223AA2F400B7DE32 /* Info.plist */,
			);
			path = SupportingFiles;
			sourceTree = "<group>";
		};
		A42A3BEA223EBA89009821C2 /* Resources */ = {
			isa = PBXGroup;
			children = (
				5A48B54C223CABA900CEBAB9 /* Radomir Tinkov - Gilroy-ExtraBold.otf */,
				5A48B54D223CABA900CEBAB9 /* Radomir Tinkov - Gilroy-Light.otf */,
				5A39C74C223AA2F400B7DE32 /* Assets.xcassets */,
				A4BB9508223EF92600D5E6EE /* Localizable.strings */,
			);
			path = Resources;
			sourceTree = "<group>";
		};
		A42A3BEB223EBAA9009821C2 /* Modules */ = {
			isa = PBXGroup;
			children = (
				A42A3BEC223EBAAD009821C2 /* Main */,
			);
			path = Modules;
			sourceTree = "<group>";
		};
		A42A3BEC223EBAAD009821C2 /* Main */ = {
			isa = PBXGroup;
			children = (
				5A39C747223AA2F300B7DE32 /* ViewController.swift */,
				5A39C749223AA2F300B7DE32 /* Main.storyboard */,
				A42A3BED223EBBE0009821C2 /* Model */,
				A42A3BFF223ED3DD009821C2 /* Provider */,
				A4BB9503223EEE6E00D5E6EE /* Service */,
			);
			path = Main;
			sourceTree = "<group>";
		};
		A42A3BED223EBBE0009821C2 /* Model */ = {
			isa = PBXGroup;
			children = (
				5A39C758223B102A00B7DE32 /* Output.swift */,
				5AA2EF0C223D7D9200D3ADCC /* SecondOutput.swift */,
			);
			path = Model;
			sourceTree = "<group>";
		};
		A42A3BEE223EBBF2009821C2 /* Common */ = {
			isa = PBXGroup;
			children = (
				A42A3BF0223EBBFB009821C2 /* Public */,
			);
			path = Common;
			sourceTree = "<group>";
		};
		A42A3BF0223EBBFB009821C2 /* Public */ = {
			isa = PBXGroup;
			children = (
				A42A3BF5223EC0B7009821C2 /* AlertHelper.swift */,
				A42A3BF2223EBED7009821C2 /* APIRequest.swift */,
				A42A3BF8223EC119009821C2 /* Strings.swift */,
			);
			path = Public;
			sourceTree = "<group>";
		};
		A42A3BFF223ED3DD009821C2 /* Provider */ = {
			isa = PBXGroup;
			children = (
				A42A3C00223ED403009821C2 /* MainProvider.swift */,
			);
			path = Provider;
			sourceTree = "<group>";
		};
		A4BB9503223EEE6E00D5E6EE /* Service */ = {
			isa = PBXGroup;
			children = (
				A4BB9504223EEE8000D5E6EE /* MockDataService.swift */,
			);
			path = Service;
			sourceTree = "<group>";
		};
/* End PBXGroup section */

/* Begin PBXNativeTarget section */
		5A39C741223AA2F300B7DE32 /* OneTwoThree */ = {
			isa = PBXNativeTarget;
			buildConfigurationList = 5A39C754223AA2F400B7DE32 /* Build configuration list for PBXNativeTarget "OneTwoThree" */;
			buildPhases = (
				5A39C73E223AA2F300B7DE32 /* Sources */,
				5A39C73F223AA2F300B7DE32 /* Frameworks */,
				5A39C740223AA2F300B7DE32 /* Resources */,
			);
			buildRules = (
			);
			dependencies = (
			);
			name = OneTwoThree;
			productName = OneTwoThree;
			productReference = 5A39C742223AA2F300B7DE32 /* OneTwoThree.app */;
			productType = "com.apple.product-type.application";
		};
/* End PBXNativeTarget section */

/* Begin PBXProject section */
		5A39C73A223AA2F300B7DE32 /* Project object */ = {
			isa = PBXProject;
			attributes = {
				LastSwiftUpdateCheck = 1010;
				LastUpgradeCheck = 1010;
				ORGANIZATIONNAME = "ARBI BASHAEV";
				TargetAttributes = {
					5A39C741223AA2F300B7DE32 = {
						CreatedOnToolsVersion = 10.1;
					};
				};
			};
			buildConfigurationList = 5A39C73D223AA2F300B7DE32 /* Build configuration list for PBXProject "OneTwoThree" */;
			compatibilityVersion = "Xcode 9.3";
			developmentRegion = en;
			hasScannedForEncodings = 0;
			knownRegions = (
				en,
				Base,
			);
			mainGroup = 5A39C739223AA2F300B7DE32;
			productRefGroup = 5A39C743223AA2F300B7DE32 /* Products */;
			projectDirPath = "";
			projectRoot = "";
			targets = (
				5A39C741223AA2F300B7DE32 /* OneTwoThree */,
			);
		};
/* End PBXProject section */

/* Begin PBXResourcesBuildPhase section */
		5A39C740223AA2F300B7DE32 /* Resources */ = {
			isa = PBXResourcesBuildPhase;
			buildActionMask = 2147483647;
			files = (
				5A39C750223AA2F400B7DE32 /* LaunchScreen.storyboard in Resources */,
				5A39C74D223AA2F400B7DE32 /* Assets.xcassets in Resources */,
				5A48B54F223CABBC00CEBAB9 /* Radomir Tinkov - Gilroy-ExtraBold.otf in Resources */,
				5AC5E091223F020000EFB6F2 /* upload-dsym.sh in Resources */,
				5A39C74B223AA2F300B7DE32 /* Main.storyboard in Resources */,
				5A48B54E223CABB900CEBAB9 /* Radomir Tinkov - Gilroy-Light.otf in Resources */,
				A4BB9506223EF92600D5E6EE /* Localizable.strings in Resources */,
			);
			runOnlyForDeploymentPostprocessing = 0;
		};
/* End PBXResourcesBuildPhase section */

/* Begin PBXSourcesBuildPhase section */
		5A39C73E223AA2F300B7DE32 /* Sources */ = {
			isa = PBXSourcesBuildPhase;
			buildActionMask = 2147483647;
			files = (
				A42A3BF6223EC0B7009821C2 /* AlertHelper.swift in Sources */,
				5A39C748223AA2F300B7DE32 /* ViewController.swift in Sources */,
				5A39C759223B102A00B7DE32 /* Output.swift in Sources */,
				A42A3C01223ED403009821C2 /* MainProvider.swift in Sources */,
				A4BB9505223EEE8000D5E6EE /* MockDataService.swift in Sources */,
				5AA2EF0D223D7D9200D3ADCC /* SecondOutput.swift in Sources */,
				A42A3BF3223EBED7009821C2 /* APIRequest.swift in Sources */,
				5AC5E093223F020000EFB6F2 /* NSLog.swift in Sources */,
				5A39C746223AA2F300B7DE32 /* AppDelegate.swift in Sources */,
				A42A3BF9223EC119009821C2 /* Strings.swift in Sources */,
			);
			runOnlyForDeploymentPostprocessing = 0;
		};
/* End PBXSourcesBuildPhase section */

/* Begin PBXVariantGroup section */
		5A39C749223AA2F300B7DE32 /* Main.storyboard */ = {
			isa = PBXVariantGroup;
			children = (
				5A39C74A223AA2F300B7DE32 /* Base */,
			);
			name = Main.storyboard;
			sourceTree = "<group>";
		};
		5A39C74E223AA2F400B7DE32 /* LaunchScreen.storyboard */ = {
			isa = PBXVariantGroup;
			children = (
				5A39C74F223AA2F400B7DE32 /* Base */,
				A4968255223EFA1000883B2C /* ru */,
			);
			name = LaunchScreen.storyboard;
			sourceTree = "<group>";
		};
		A4BB9508223EF92600D5E6EE /* Localizable.strings */ = {
			isa = PBXVariantGroup;
			children = (
				A4BB9507223EF92600D5E6EE /* en */,
			);
			name = Localizable.strings;
			sourceTree = "<group>";
		};
/* End PBXVariantGroup section */

/* Begin XCBuildConfiguration section */
		5A39C752223AA2F400B7DE32 /* Debug */ = {
			isa = XCBuildConfiguration;
			buildSettings = {
				ALWAYS_SEARCH_USER_PATHS = NO;
				CLANG_ANALYZER_LOCALIZABILITY_NONLOCALIZED = YES;
				CLANG_ANALYZER_NONNULL = YES;
				CLANG_ANALYZER_NUMBER_OBJECT_CONVERSION = YES_AGGRESSIVE;
				CLANG_CXX_LANGUAGE_STANDARD = "gnu++14";
				CLANG_CXX_LIBRARY = "libc++";
				CLANG_ENABLE_MODULES = YES;
				CLANG_ENABLE_OBJC_ARC = YES;
				CLANG_ENABLE_OBJC_WEAK = YES;
				CLANG_WARN_BLOCK_CAPTURE_AUTORELEASING = YES;
				CLANG_WARN_BOOL_CONVERSION = YES;
				CLANG_WARN_COMMA = YES;
				CLANG_WARN_CONSTANT_CONVERSION = YES;
				CLANG_WARN_DEPRECATED_OBJC_IMPLEMENTATIONS = YES;
				CLANG_WARN_DIRECT_OBJC_ISA_USAGE = YES_ERROR;
				CLANG_WARN_DOCUMENTATION_COMMENTS = YES;
				CLANG_WARN_EMPTY_BODY = YES;
				CLANG_WARN_ENUM_CONVERSION = YES;
				CLANG_WARN_INFINITE_RECURSION = YES;
				CLANG_WARN_INT_CONVERSION = YES;
				CLANG_WARN_NON_LITERAL_NULL_CONVERSION = YES;
				CLANG_WARN_OBJC_IMPLICIT_RETAIN_SELF = YES;
				CLANG_WARN_OBJC_LITERAL_CONVERSION = YES;
				CLANG_WARN_OBJC_ROOT_CLASS = YES_ERROR;
				CLANG_WARN_RANGE_LOOP_ANALYSIS = YES;
				CLANG_WARN_STRICT_PROTOTYPES = YES;
				CLANG_WARN_SUSPICIOUS_MOVE = YES;
				CLANG_WARN_UNGUARDED_AVAILABILITY = YES_AGGRESSIVE;
				CLANG_WARN_UNREACHABLE_CODE = YES;
				CLANG_WARN__DUPLICATE_METHOD_MATCH = YES;
				CODE_SIGN_IDENTITY = "iPhone Developer";
				COPY_PHASE_STRIP = NO;
				DEBUG_INFORMATION_FORMAT = dwarf;
				ENABLE_STRICT_OBJC_MSGSEND = YES;
				ENABLE_TESTABILITY = YES;
				GCC_C_LANGUAGE_STANDARD = gnu11;
				GCC_DYNAMIC_NO_PIC = NO;
				GCC_NO_COMMON_BLOCKS = YES;
				GCC_OPTIMIZATION_LEVEL = 0;
				GCC_PREPROCESSOR_DEFINITIONS = (
					"DEBUG=1",
					"$(inherited)",
				);
				GCC_WARN_64_TO_32_BIT_CONVERSION = YES;
				GCC_WARN_ABOUT_RETURN_TYPE = YES_ERROR;
				GCC_WARN_UNDECLARED_SELECTOR = YES;
				GCC_WARN_UNINITIALIZED_AUTOS = YES_AGGRESSIVE;
				GCC_WARN_UNUSED_FUNCTION = YES;
				GCC_WARN_UNUSED_VARIABLE = YES;
				IPHONEOS_DEPLOYMENT_TARGET = 11.0;
				MTL_ENABLE_DEBUG_INFO = INCLUDE_SOURCE;
				MTL_FAST_MATH = YES;
				ONLY_ACTIVE_ARCH = YES;
				SDKROOT = iphoneos;
				SWIFT_ACTIVE_COMPILATION_CONDITIONS = DEBUG;
				SWIFT_OPTIMIZATION_LEVEL = "-Onone";
				SWIFT_VERSION = 4.2;
			};
			name = Debug;
		};
		5A39C753223AA2F400B7DE32 /* Release */ = {
			isa = XCBuildConfiguration;
			buildSettings = {
				ALWAYS_SEARCH_USER_PATHS = NO;
				CLANG_ANALYZER_LOCALIZABILITY_NONLOCALIZED = YES;
				CLANG_ANALYZER_NONNULL = YES;
				CLANG_ANALYZER_NUMBER_OBJECT_CONVERSION = YES_AGGRESSIVE;
				CLANG_CXX_LANGUAGE_STANDARD = "gnu++14";
				CLANG_CXX_LIBRARY = "libc++";
				CLANG_ENABLE_MODULES = YES;
				CLANG_ENABLE_OBJC_ARC = YES;
				CLANG_ENABLE_OBJC_WEAK = YES;
				CLANG_WARN_BLOCK_CAPTURE_AUTORELEASING = YES;
				CLANG_WARN_BOOL_CONVERSION = YES;
				CLANG_WARN_COMMA = YES;
				CLANG_WARN_CONSTANT_CONVERSION = YES;
				CLANG_WARN_DEPRECATED_OBJC_IMPLEMENTATIONS = YES;
				CLANG_WARN_DIRECT_OBJC_ISA_USAGE = YES_ERROR;
				CLANG_WARN_DOCUMENTATION_COMMENTS = YES;
				CLANG_WARN_EMPTY_BODY = YES;
				CLANG_WARN_ENUM_CONVERSION = YES;
				CLANG_WARN_INFINITE_RECURSION = YES;
				CLANG_WARN_INT_CONVERSION = YES;
				CLANG_WARN_NON_LITERAL_NULL_CONVERSION = YES;
				CLANG_WARN_OBJC_IMPLICIT_RETAIN_SELF = YES;
				CLANG_WARN_OBJC_LITERAL_CONVERSION = YES;
				CLANG_WARN_OBJC_ROOT_CLASS = YES_ERROR;
				CLANG_WARN_RANGE_LOOP_ANALYSIS = YES;
				CLANG_WARN_STRICT_PROTOTYPES = YES;
				CLANG_WARN_SUSPICIOUS_MOVE = YES;
				CLANG_WARN_UNGUARDED_AVAILABILITY = YES_AGGRESSIVE;
				CLANG_WARN_UNREACHABLE_CODE = YES;
				CLANG_WARN__DUPLICATE_METHOD_MATCH = YES;
				CODE_SIGN_IDENTITY = "iPhone Developer";
				COPY_PHASE_STRIP = NO;
				DEBUG_INFORMATION_FORMAT = "dwarf-with-dsym";
				ENABLE_NS_ASSERTIONS = NO;
				ENABLE_STRICT_OBJC_MSGSEND = YES;
				GCC_C_LANGUAGE_STANDARD = gnu11;
				GCC_NO_COMMON_BLOCKS = YES;
				GCC_WARN_64_TO_32_BIT_CONVERSION = YES;
				GCC_WARN_ABOUT_RETURN_TYPE = YES_ERROR;
				GCC_WARN_UNDECLARED_SELECTOR = YES;
				GCC_WARN_UNINITIALIZED_AUTOS = YES_AGGRESSIVE;
				GCC_WARN_UNUSED_FUNCTION = YES;
				GCC_WARN_UNUSED_VARIABLE = YES;
				IPHONEOS_DEPLOYMENT_TARGET = 11.0;
				MTL_ENABLE_DEBUG_INFO = NO;
				MTL_FAST_MATH = YES;
				SDKROOT = iphoneos;
				SWIFT_COMPILATION_MODE = wholemodule;
				SWIFT_OPTIMIZATION_LEVEL = "-O";
				SWIFT_VERSION = 4.2;
				VALIDATE_PRODUCT = YES;
			};
			name = Release;
		};
		5A39C755223AA2F400B7DE32 /* Debug */ = {
			isa = XCBuildConfiguration;
			buildSettings = {
				ASSETCATALOG_COMPILER_APPICON_NAME = AppIcon;
				CODE_SIGN_STYLE = Automatic;
				DEVELOPMENT_TEAM = 6355K3CJ5C;
				INFOPLIST_FILE = "$(SRCROOT)/OneTwoThree/SupportingFiles/Info.plist";
				IPHONEOS_DEPLOYMENT_TARGET = 11.0;
				LD_RUNPATH_SEARCH_PATHS = (
					"$(inherited)",
					"@executable_path/Frameworks",
				);
				LIBRARY_SEARCH_PATHS = (
					"$(inherited)",
					"$(PROJECT_DIR)/OneTwoThree",
				);
				PRODUCT_BUNDLE_IDENTIFIER = com.arbios.OneTwoThree;
				PRODUCT_NAME = "$(TARGET_NAME)";
				SWIFT_VERSION = 4.2;
				TARGETED_DEVICE_FAMILY = 1;
			};
			name = Debug;
		};
		5A39C756223AA2F400B7DE32 /* Release */ = {
			isa = XCBuildConfiguration;
			buildSettings = {
				ASSETCATALOG_COMPILER_APPICON_NAME = AppIcon;
				CODE_SIGN_STYLE = Automatic;
				DEVELOPMENT_TEAM = 6355K3CJ5C;
				INFOPLIST_FILE = "$(SRCROOT)/OneTwoThree/SupportingFiles/Info.plist";
				IPHONEOS_DEPLOYMENT_TARGET = 11.0;
				LD_RUNPATH_SEARCH_PATHS = (
					"$(inherited)",
					"@executable_path/Frameworks",
				);
				LIBRARY_SEARCH_PATHS = (
					"$(inherited)",
					"$(PROJECT_DIR)/OneTwoThree",
				);
				PRODUCT_BUNDLE_IDENTIFIER = com.arbios.OneTwoThree;
				PRODUCT_NAME = "$(TARGET_NAME)";
				SWIFT_VERSION = 4.2;
				TARGETED_DEVICE_FAMILY = 1;
			};
			name = Release;
		};
/* End XCBuildConfiguration section */

/* Begin XCConfigurationList section */
		5A39C73D223AA2F300B7DE32 /* Build configuration list for PBXProject "OneTwoThree" */ = {
			isa = XCConfigurationList;
			buildConfigurations = (
				5A39C752223AA2F400B7DE32 /* Debug */,
				5A39C753223AA2F400B7DE32 /* Release */,
			);
			defaultConfigurationIsVisible = 0;
			defaultConfigurationName = Release;
		};
		5A39C754223AA2F400B7DE32 /* Build configuration list for PBXNativeTarget "OneTwoThree" */ = {
			isa = XCConfigurationList;
			buildConfigurations = (
				5A39C755223AA2F400B7DE32 /* Debug */,
				5A39C756223AA2F400B7DE32 /* Release */,
			);
			defaultConfigurationIsVisible = 0;
			defaultConfigurationName = Release;
		};
/* End XCConfigurationList section */
	};
	rootObject = 5A39C73A223AA2F300B7DE32 /* Project object */;
}
